PODS:
  - Alamofire (4.5.1)
  - Bugly (2.4.8)
  - Cache (4.1.2)
  - CocoaSecurity (1.2.4)
  - FCUUID (1.3.1):
    - UICKeyChainStore (~> 2.1.0)
  - HandyJSON (1.8.0)
  - LEEAlert (1.1.4)
  - MBProgressHUD (1.0.0)
  - pop (1.0.10)
  - ReactiveCocoa (2.5):
    - ReactiveCocoa/UI (= 2.5)
  - ReactiveCocoa/Core (2.5):
    - ReactiveCocoa/no-arc
  - ReactiveCocoa/no-arc (2.5)
  - ReactiveCocoa/UI (2.5):
    - ReactiveCocoa/Core
  - RxCocoa (4.0.0):
    - RxSwift (~> 4.0)
  - RxSwift (4.0.0)
  - SnapKit (3.2.0)
  - Then (2.2.1)
  - UICKeyChainStore (2.1.1)
  - YYKit (1.0.9):
    - YYKit/no-arc (= 1.0.9)
  - YYKit/no-arc (1.0.9)

DEPENDENCIES:
  - Alamofire (~> 4.4)
  - Bugly
  - Cache
  - CocoaSecurity
  - FCUUID
  - HandyJSON
  - LEEAlert
  - MBProgressHUD
  - pop (~> 1.0)
  - ReactiveCocoa (~> 2.5)
  - RxCocoa
  - RxSwift
  - SnapKit (~> 3.2.0)
  - Then
  - YYKit

SPEC CHECKSUMS:
  Alamofire: 2d95912bf4c34f164fdfc335872e8c312acaea4a
  Bugly: da3c02408c14838d498429320545a8e439392978
  Cache: bd0233fc688b5e83a27bcd87807db7e6f23adcc5
  CocoaSecurity: d288a6f87e0f363823d2cb83e753814a6944f71a
  FCUUID: bb054fc90cd7cd99320f9f6ff8e130fe607fba05
  HandyJSON: edaaa3278bf4c4c96d6f7382b80d6b91c88d3bf5
  LEEAlert: a18b373706e58d3ac2ffeb90ac35ebb27739ad4a
  MBProgressHUD: 4890f671c94e8a0f3cf959aa731e9de2f036d71a
  pop: 82ca6b068ce9278fd350fd9dd09482a0ce9492e6
  ReactiveCocoa: e2db045570aa97c695e7aa97c2bcab222ae51f4a
  RxCocoa: d62846ca96495d862fa4c59ea7d87e5031d7340e
  RxSwift: fd680d75283beb5e2559486f3c0ff852f0d35334
  SnapKit: 1ca44df72cfa543218d177cb8aab029d10d86ea7
  Then: 665607ef49c6c3f66c722cd02b7b53745a622f49
  UICKeyChainStore: 239558492fa260531a0774cfc611ea83a6eaff3a
  YYKit: 7cda43304a8dc3696c449041e2cb3107b4e236e7

PODFILE CHECKSUM: aa288ea709e3e55d656fc03cddd58652ee8cfba6

COCOAPODS: 1.1.1
